// !$*UTF8*$!
{
	archiveVersion = 1;
	classes = {
	};
	objectVersion = 46;
	objects = {

/* Begin PBXBuildFile section */
		904BC2DC1F43E51400229A68 /* AppDelegate.swift in Sources */ = {isa = PBXBuildFile; fileRef = 904BC2DB1F43E51400229A68 /* AppDelegate.swift */; };
		904BC2DE1F43E51400229A68 /* ViewController.swift in Sources */ = {isa = PBXBuildFile; fileRef = 904BC2DD1F43E51400229A68 /* ViewController.swift */; };
		904BC2E11F43E51400229A68 /* Main.storyboard in Resources */ = {isa = PBXBuildFile; fileRef = 904BC2DF1F43E51400229A68 /* Main.storyboard */; };
		904BC2E31F43E51400229A68 /* Assets.xcassets in Resources */ = {isa = PBXBuildFile; fileRef = 904BC2E21F43E51400229A68 /* Assets.xcassets */; };
		904BC2E61F43E51400229A68 /* LaunchScreen.storyboard in Resources */ = {isa = PBXBuildFile; fileRef = 904BC2E41F43E51400229A68 /* LaunchScreen.storyboard */; };
		904BC2EE1F43E53800229A68 /* OneViewController.swift in Sources */ = {isa = PBXBuildFile; fileRef = 904BC2ED1F43E53800229A68 /* OneViewController.swift */; };
		904BC2F01F43E54100229A68 /* TwoViewController.swift in Sources */ = {isa = PBXBuildFile; fileRef = 904BC2EF1F43E54100229A68 /* TwoViewController.swift */; };
/* End PBXBuildFile section */

/* Begin PBXFileReference section */
		904BC2D81F43E51400229A68 /* DataSender2.app */ = {isa = PBXFileReference; explicitFileType = wrapper.application; includeInIndex = 0; path = DataSender2.app; sourceTree = BUILT_PRODUCTS_DIR; };
		904BC2DB1F43E51400229A68 /* AppDelegate.swift */ = {isa = PBXFileReference; lastKnownFileType = sourcecode.swift; path = AppDelegate.swift; sourceTree = "<group>"; };
		904BC2DD1F43E51400229A68 /* ViewController.swift */ = {isa = PBXFileReference; lastKnownFileType = sourcecode.swift; path = ViewController.swift; sourceTree = "<group>"; };
		904BC2E01F43E51400229A68 /* Base */ = {isa = PBXFileReference; lastKnownFileType = file.storyboard; name = Base; path = Base.lproj/Main.storyboard; sourceTree = "<group>"; };
		904BC2E21F43E51400229A68 /* Assets.xcassets */ = {isa = PBXFileReference; lastKnownFileType = folder.assetcatalog; path = Assets.xcassets; sourceTree = "<group>"; };
		904BC2E51F43E51400229A68 /* Base */ = {isa = PBXFileReference; lastKnownFileType = file.storyboard; name = Base; path = Base.lproj/LaunchScreen.storyboard; sourceTree = "<group>"; };
		904BC2E71F43E51400229A68 /* Info.plist */ = {isa = PBXFileReference; lastKnownFileType = text.plist.xml; path = Info.plist; sourceTree = "<group>"; };
		904BC2ED1F43E53800229A68 /* OneViewController.swift */ = {isa = PBXFileReference; fileEncoding = 4; lastKnownFileType = sourcecode.swift; path = OneViewController.swift; sourceTree = "<group>"; };
		904BC2EF1F43E54100229A68 /* TwoViewController.swift */ = {isa = PBXFileReference; fileEncoding = 4; lastKnownFileType = sourcecode.swift; path = TwoViewController.swift; sourceTree = "<group>"; };
/* End PBXFileReference section */

/* Begin PBXFrameworksBuildPhase section */
		904BC2D51F43E51400229A68 /* Frameworks */ = {
			isa = PBXFrameworksBuildPhase;
			buildActionMask = 2147483647;
			files = (
			);
			runOnlyForDeploymentPostprocessing = 0;
		};
/* End PBXFrameworksBuildPhase section */

/* Begin PBXGroup section */
		904BC2CF1F43E51400229A68 = {
			isa = PBXGroup;
			children = (
				904BC2DA1F43E51400229A68 /* DataSender2 */,
				904BC2D91F43E51400229A68 /* Products */,
			);
			sourceTree = "<group>";
		};
		904BC2D91F43E51400229A68 /* Products */ = {
			isa = PBXGroup;
			children = (
				904BC2D81F43E51400229A68 /* DataSender2.app */,
			);
			name = Products;
			sourceTree = "<group>";
		};
		904BC2DA1F43E51400229A68 /* DataSender2 */ = {
			isa = PBXGroup;
			children = (
				904BC2DB1F43E51400229A68 /* AppDelegate.swift */,
				904BC2DD1F43E51400229A68 /* ViewController.swift */,
				904BC2DF1F43E51400229A68 /* Main.storyboard */,
				904BC2E21F43E51400229A68 /* Assets.xcassets */,
				904BC2E41F43E51400229A68 /* LaunchScreen.storyboard */,
				904BC2E71F43E51400229A68 /* Info.plist */,
				904BC2ED1F43E53800229A68 /* OneViewController.swift */,
				904BC2EF1F43E54100229A68 /* TwoViewController.swift */,
			);
			path = DataSender2;
			sourceTree = "<group>";
		};
/* End PBXGroup section */

/* Begin PBXNativeTarget section */
		904BC2D71F43E51400229A68 /* DataSender2 */ = {
			isa = PBXNativeTarget;
			buildConfigurationList = 904BC2EA1F43E51400229A68 /* Build configuration list for PBXNativeTarget "DataSender2" */;
			buildPhases = (
				904BC2D41F43E51400229A68 /* Sources */,
				904BC2D51F43E51400229A68 /* Frameworks */,
				904BC2D61F43E51400229A68 /* Resources */,
			);
			buildRules = (
			);
			dependencies = (
			);
			name = DataSender2;
			productName = DataSender2;
			productReference = 904BC2D81F43E51400229A68 /* DataSender2.app */;
			productType = "com.apple.product-type.application";
		};
/* End PBXNativeTarget section */

/* Begin PBXProject section */
		904BC2D01F43E51400229A68 /* Project object */ = {
			isa = PBXProject;
			attributes = {
				LastSwiftUpdateCheck = 0830;
				LastUpgradeCheck = 0830;
				ORGANIZATIONNAME = "ktds 29 ";
				TargetAttributes = {
					904BC2D71F43E51400229A68 = {
						CreatedOnToolsVersion = 8.3.3;
						DevelopmentTeam = EDRP4VF6QH;
						ProvisioningStyle = Automatic;
					};
				};
			};
			buildConfigurationList = 904BC2D31F43E51400229A68 /* Build configuration list for PBXProject "DataSender2" */;
			compatibilityVersion = "Xcode 3.2";
			developmentRegion = English;
			hasScannedForEncodings = 0;
			knownRegions = (
				en,
				Base,
			);
			mainGroup = 904BC2CF1F43E51400229A68;
			productRefGroup = 904BC2D91F43E51400229A68 /* Products */;
			projectDirPath = "";
			projectRoot = "";
			targets = (
				904BC2D71F43E51400229A68 /* DataSender2 */,
			);
		};
/* End PBXProject section */

/* Begin PBXResourcesBuildPhase section */
		904BC2D61F43E51400229A68 /* Resources */ = {
			isa = PBXResourcesBuildPhase;
			buildActionMask = 2147483647;
			files = (
				904BC2E61F43E51400229A68 /* LaunchScreen.storyboard in Resources */,
				904BC2E31F43E51400229A68 /* Assets.xcassets in Resources */,
				904BC2E11F43E51400229A68 /* Main.storyboard in Resources */,
			);
			runOnlyForDeploymentPostprocessing = 0;
		};
/* End PBXResourcesBuildPhase section */

/* Begin PBXSourcesBuildPhase section */
		904BC2D41F43E51400229A68 /* Sources */ = {
			isa = PBXSourcesBuildPhase;
			buildActionMask = 2147483647;
			files = (
				904BC2EE1F43E53800229A68 /* OneViewController.swift in Sources */,
				904BC2DE1F43E51400229A68 /* ViewController.swift in Sources */,
				904BC2DC1F43E51400229A68 /* AppDelegate.swift in Sources */,
				904BC2F01F43E54100229A68 /* TwoViewController.swift in Sources */,
			);
			runOnlyForDeploymentPostprocessing = 0;
		};
/* End PBXSourcesBuildPhase section */

/* Begin PBXVariantGroup section */
		904BC2DF1F43E51400229A68 /* Main.storyboard */ = {
			isa = PBXVariantGroup;
			children = (
				904BC2E01F43E51400229A68 /* Base */,
			);
			name = Main.storyboard;
			sourceTree = "<group>";
		};
		904BC2E41F43E51400229A68 /* LaunchScreen.storyboard */ = {
			isa = PBXVariantGroup;
			children = (
				904BC2E51F43E51400229A68 /* Base */,
			);
			name = LaunchScreen.storyboard;
			sourceTree = "<group>";
		};
/* End PBXVariantGroup section */

/* Begin XCBuildConfiguration section */
		904BC2E81F43E51400229A68 /* Debug */ = {
			isa = XCBuildConfiguration;
			buildSettings = {
				ALWAYS_SEARCH_USER_PATHS = NO;
				CLANG_ANALYZER_NONNULL = YES;
				CLANG_ANALYZER_NUMBER_OBJECT_CONVERSION = YES_AGGRESSIVE;
				CLANG_CXX_LANGUAGE_STANDARD = "gnu++0x";
				CLANG_CXX_LIBRARY = "libc++";
				CLANG_ENABLE_MODULES = YES;
				CLANG_ENABLE_OBJC_ARC = YES;
				CLANG_WARN_BOOL_CONVERSION = YES;
				CLANG_WARN_CONSTANT_CONVERSION = YES;
				CLANG_WARN_DIRECT_OBJC_ISA_USAGE = YES_ERROR;
				CLANG_WARN_DOCUMENTATION_COMMENTS = YES;
				CLANG_WARN_EMPTY_BODY = YES;
				CLANG_WARN_ENUM_CONVERSION = YES;
				CLANG_WARN_INFINITE_RECURSION = YES;
				CLANG_WARN_INT_CONVERSION = YES;
				CLANG_WARN_OBJC_ROOT_CLASS = YES_ERROR;
				CLANG_WARN_SUSPICIOUS_MOVE = YES;
				CLANG_WARN_UNREACHABLE_CODE = YES;
				CLANG_WARN__DUPLICATE_METHOD_MATCH = YES;
				"CODE_SIGN_IDENTITY[sdk=iphoneos*]" = "iPhone Developer";
				COPY_PHASE_STRIP = NO;
				DEBUG_INFORMATION_FORMAT = dwarf;
				ENABLE_STRICT_OBJC_MSGSEND = YES;
				ENABLE_TESTABILITY = YES;
				GCC_C_LANGUAGE_STANDARD = gnu99;
				GCC_DYNAMIC_NO_PIC = NO;
				GCC_NO_COMMON_BLOCKS = YES;
				GCC_OPTIMIZATION_LEVEL = 0;
				GCC_PREPROCESSOR_DEFINITIONS = (
					"DEBUG=1",
					"$(inherited)",
				);
				GCC_WARN_64_TO_32_BIT_CONVERSION = YES;
				GCC_WARN_ABOUT_RETURN_TYPE = YES_ERROR;
				GCC_WARN_UNDECLARED_SELECTOR = YES;
				GCC_WARN_UNINITIALIZED_AUTOS = YES_AGGRESSIVE;
				GCC_WARN_UNUSED_FUNCTION = YES;
				GCC_WARN_UNUSED_VARIABLE = YES;
				IPHONEOS_DEPLOYMENT_TARGET = 10.3;
				MTL_ENABLE_DEBUG_INFO = YES;
				ONLY_ACTIVE_ARCH = YES;
				SDKROOT = iphoneos;
				SWIFT_ACTIVE_COMPILATION_CONDITIONS = DEBUG;
				SWIFT_OPTIMIZATION_LEVEL = "-Onone";
				TARGETED_DEVICE_FAMILY = "1,2";
			};
			name = Debug;
		};
		904BC2E91F43E51400229A68 /* Release */ = {
			isa = XCBuildConfiguration;
			buildSettings = {
				ALWAYS_SEARCH_USER_PATHS = NO;
				CLANG_ANALYZER_NONNULL = YES;
				CLANG_ANALYZER_NUMBER_OBJECT_CONVERSION = YES_AGGRESSIVE;
				CLANG_CXX_LANGUAGE_STANDARD = "gnu++0x";
				CLANG_CXX_LIBRARY = "libc++";
				CLANG_ENABLE_MODULES = YES;
				CLANG_ENABLE_OBJC_ARC = YES;
				CLANG_WARN_BOOL_CONVERSION = YES;
				CLANG_WARN_CONSTANT_CONVERSION = YES;
				CLANG_WARN_DIRECT_OBJC_ISA_USAGE = YES_ERROR;
				CLANG_WARN_DOCUMENTATION_COMMENTS = YES;
				CLANG_WARN_EMPTY_BODY = YES;
				CLANG_WARN_ENUM_CONVERSION = YES;
				CLANG_WARN_INFINITE_RECURSION = YES;
				CLANG_WARN_INT_CONVERSION = YES;
				CLANG_WARN_OBJC_ROOT_CLASS = YES_ERROR;
				CLANG_WARN_SUSPICIOUS_MOVE = YES;
				CLANG_WARN_UNREACHABLE_CODE = YES;
				CLANG_WARN__DUPLICATE_METHOD_MATCH = YES;
				"CODE_SIGN_IDENTITY[sdk=iphoneos*]" = "iPhone Developer";
				COPY_PHASE_STRIP = NO;
				DEBUG_INFORMATION_FORMAT = "dwarf-with-dsym";
				ENABLE_NS_ASSERTIONS = NO;
				ENABLE_STRICT_OBJC_MSGSEND = YES;
				GCC_C_LANGUAGE_STANDARD = gnu99;
				GCC_NO_COMMON_BLOCKS = YES;
				GCC_WARN_64_TO_32_BIT_CONVERSION = YES;
				GCC_WARN_ABOUT_RETURN_TYPE = YES_ERROR;
				GCC_WARN_UNDECLARED_SELECTOR = YES;
				GCC_WARN_UNINITIALIZED_AUTOS = YES_AGGRESSIVE;
				GCC_WARN_UNUSED_FUNCTION = YES;
				GCC_WARN_UNUSED_VARIABLE = YES;
				IPHONEOS_DEPLOYMENT_TARGET = 10.3;
				MTL_ENABLE_DEBUG_INFO = NO;
				SDKROOT = iphoneos;
				SWIFT_OPTIMIZATION_LEVEL = "-Owholemodule";
				TARGETED_DEVICE_FAMILY = "1,2";
				VALIDATE_PRODUCT = YES;
			};
			name = Release;
		};
		904BC2EB1F43E51400229A68 /* Debug */ = {
			isa = XCBuildConfiguration;
			buildSettings = {
				ASSETCATALOG_COMPILER_APPICON_NAME = AppIcon;
				DEVELOPMENT_TEAM = EDRP4VF6QH;
				INFOPLIST_FILE = DataSender2/Info.plist;
				LD_RUNPATH_SEARCH_PATHS = "$(inherited) @executable_path/Frameworks";
				PRODUCT_BUNDLE_IDENTIFIER = com.mycompany.test.DataSender2;
				PRODUCT_NAME = "$(TARGET_NAME)";
				SWIFT_VERSION = 3.0;
			};
			name = Debug;
		};
		904BC2EC1F43E51400229A68 /* Release */ = {
			isa = XCBuildConfiguration;
			buildSettings = {
				ASSETCATALOG_COMPILER_APPICON_NAME = AppIcon;
				DEVELOPMENT_TEAM = EDRP4VF6QH;
				INFOPLIST_FILE = DataSender2/Info.plist;
				LD_RUNPATH_SEARCH_PATHS = "$(inherited) @executable_path/Frameworks";
				PRODUCT_BUNDLE_IDENTIFIER = com.mycompany.test.DataSender2;
				PRODUCT_NAME = "$(TARGET_NAME)";
				SWIFT_VERSION = 3.0;
			};
			name = Release;
		};
/* End XCBuildConfiguration section */

/* Begin XCConfigurationList section */
		904BC2D31F43E51400229A68 /* Build configuration list for PBXProject "DataSender2" */ = {
			isa = XCConfigurationList;
			buildConfigurations = (
				904BC2E81F43E51400229A68 /* Debug */,
				904BC2E91F43E51400229A68 /* Release */,
			);
			defaultConfigurationIsVisible = 0;
			defaultConfigurationName = Release;
		};
		904BC2EA1F43E51400229A68 /* Build configuration list for PBXNativeTarget "DataSender2" */ = {
			isa = XCConfigurationList;
			buildConfigurations = (
				904BC2EB1F43E51400229A68 /* Debug */,
				904BC2EC1F43E51400229A68 /* Release */,
			);
			defaultConfigurationIsVisible = 0;
		};
/* End XCConfigurationList section */
	};
	rootObject = 904BC2D01F43E51400229A68 /* Project object */;
}
